
Microsoft Visual Studio Solution File, Format Version 12.00
# Visual Studio Version 17
VisualStudioVersion = 17.12.35527.113 d17.12
MinimumVisualStudioVersion = 10.0.40219.1
Project("{FAE04EC0-301F-11D3-BF4B-00C04F79EFBC}") = "Product Management Dashboard", "Product Management Dashboard\Product Management Dashboard.csproj", "{068AB2D9-038D-494B-904D-27E38FDEE02F}"
EndProject
Global
	GlobalSection(SolutionConfigurationPlatforms) = preSolution
		Debug|Any CPU = Debug|Any CPU
		Release|Any CPU = Release|Any CPU
	EndGlobalSection
	GlobalSection(ProjectConfigurationPlatforms) = postSolution
		{068AB2D9-038D-494B-904D-27E38FDEE02F}.Debug|Any CPU.ActiveCfg = Debug|Any CPU
		{068AB2D9-038D-494B-904D-27E38FDEE02F}.Debug|Any CPU.Build.0 = Debug|Any CPU
		{068AB2D9-038D-494B-904D-27E38FDEE02F}.Release|Any CPU.ActiveCfg = Release|Any CPU
		{068AB2D9-038D-494B-904D-27E38FDEE02F}.Release|Any CPU.Build.0 = Release|Any CPU
	EndGlobalSection
	GlobalSection(SolutionProperties) = preSolution
		HideSolutionNode = FALSE
	EndGlobalSection
EndGlobal
